// !$*UTF8*$!
{
	archiveVersion = 1;
	classes = {
	};
	objectVersion = 56;
	objects = {

/* Begin PBXBuildFile section */
		03EAA0DC2982B5D200C9C0A0 /* AppDelegate.swift in Sources */ = {isa = PBXBuildFile; fileRef = 03EAA0DB2982B5D200C9C0A0 /* AppDelegate.swift */; };
		03EAA0DE2982B5D200C9C0A0 /* SceneDelegate.swift in Sources */ = {isa = PBXBuildFile; fileRef = 03EAA0DD2982B5D200C9C0A0 /* SceneDelegate.swift */; };
		03EAA0E02982B5D200C9C0A0 /* ViewController.swift in Sources */ = {isa = PBXBuildFile; fileRef = 03EAA0DF2982B5D200C9C0A0 /* ViewController.swift */; };
		03EAA0E32982B5D200C9C0A0 /* Main.storyboard in Resources */ = {isa = PBXBuildFile; fileRef = 03EAA0E12982B5D200C9C0A0 /* Main.storyboard */; };
		03EAA0E62982B5D200C9C0A0 /* ToDo.xcdatamodeld in Sources */ = {isa = PBXBuildFile; fileRef = 03EAA0E42982B5D200C9C0A0 /* ToDo.xcdatamodeld */; };
		03EAA0E82982B5D400C9C0A0 /* Assets.xcassets in Resources */ = {isa = PBXBuildFile; fileRef = 03EAA0E72982B5D400C9C0A0 /* Assets.xcassets */; };
		03EAA0EB2982B5D400C9C0A0 /* LaunchScreen.storyboard in Resources */ = {isa = PBXBuildFile; fileRef = 03EAA0E92982B5D400C9C0A0 /* LaunchScreen.storyboard */; };
		03EAA0F62982B5D400C9C0A0 /* ToDoTests.swift in Sources */ = {isa = PBXBuildFile; fileRef = 03EAA0F52982B5D400C9C0A0 /* ToDoTests.swift */; };
		03EAA1002982B5D500C9C0A0 /* ToDoUITests.swift in Sources */ = {isa = PBXBuildFile; fileRef = 03EAA0FF2982B5D500C9C0A0 /* ToDoUITests.swift */; };
		03EAA1022982B5D500C9C0A0 /* ToDoUITestsLaunchTests.swift in Sources */ = {isa = PBXBuildFile; fileRef = 03EAA1012982B5D500C9C0A0 /* ToDoUITestsLaunchTests.swift */; };
		03EAA10F2982B7CF00C9C0A0 /* ToDoTable.swift in Sources */ = {isa = PBXBuildFile; fileRef = 03EAA10E2982B7CF00C9C0A0 /* ToDoTable.swift */; };
		03EAA1112982B83600C9C0A0 /* ToDo.swift in Sources */ = {isa = PBXBuildFile; fileRef = 03EAA1102982B83600C9C0A0 /* ToDo.swift */; };
		03EAA1152982B89B00C9C0A0 /* AddToDO.swift in Sources */ = {isa = PBXBuildFile; fileRef = 03EAA1142982B89B00C9C0A0 /* AddToDO.swift */; };
/* End PBXBuildFile section */

/* Begin PBXContainerItemProxy section */
		03EAA0F22982B5D400C9C0A0 /* PBXContainerItemProxy */ = {
			isa = PBXContainerItemProxy;
			containerPortal = 03EAA0D02982B5D200C9C0A0 /* Project object */;
			proxyType = 1;
			remoteGlobalIDString = 03EAA0D72982B5D200C9C0A0;
			remoteInfo = ToDo;
		};
		03EAA0FC2982B5D500C9C0A0 /* PBXContainerItemProxy */ = {
			isa = PBXContainerItemProxy;
			containerPortal = 03EAA0D02982B5D200C9C0A0 /* Project object */;
			proxyType = 1;
			remoteGlobalIDString = 03EAA0D72982B5D200C9C0A0;
			remoteInfo = ToDo;
		};
/* End PBXContainerItemProxy section */

/* Begin PBXFileReference section */
		03EAA0D82982B5D200C9C0A0 /* ToDo.app */ = {isa = PBXFileReference; explicitFileType = wrapper.application; includeInIndex = 0; path = ToDo.app; sourceTree = BUILT_PRODUCTS_DIR; };
		03EAA0DB2982B5D200C9C0A0 /* AppDelegate.swift */ = {isa = PBXFileReference; lastKnownFileType = sourcecode.swift; path = AppDelegate.swift; sourceTree = "<group>"; };
		03EAA0DD2982B5D200C9C0A0 /* SceneDelegate.swift */ = {isa = PBXFileReference; lastKnownFileType = sourcecode.swift; path = SceneDelegate.swift; sourceTree = "<group>"; };
		03EAA0DF2982B5D200C9C0A0 /* ViewController.swift */ = {isa = PBXFileReference; lastKnownFileType = sourcecode.swift; path = ViewController.swift; sourceTree = "<group>"; };
		03EAA0E22982B5D200C9C0A0 /* Base */ = {isa = PBXFileReference; lastKnownFileType = file.storyboard; name = Base; path = Base.lproj/Main.storyboard; sourceTree = "<group>"; };
		03EAA0E52982B5D200C9C0A0 /* ToDo.xcdatamodel */ = {isa = PBXFileReference; lastKnownFileType = wrapper.xcdatamodel; path = ToDo.xcdatamodel; sourceTree = "<group>"; };
		03EAA0E72982B5D400C9C0A0 /* Assets.xcassets */ = {isa = PBXFileReference; lastKnownFileType = folder.assetcatalog; path = Assets.xcassets; sourceTree = "<group>"; };
		03EAA0EA2982B5D400C9C0A0 /* Base */ = {isa = PBXFileReference; lastKnownFileType = file.storyboard; name = Base; path = Base.lproj/LaunchScreen.storyboard; sourceTree = "<group>"; };
		03EAA0EC2982B5D400C9C0A0 /* Info.plist */ = {isa = PBXFileReference; lastKnownFileType = text.plist.xml; path = Info.plist; sourceTree = "<group>"; };
		03EAA0F12982B5D400C9C0A0 /* ToDoTests.xctest */ = {isa = PBXFileReference; explicitFileType = wrapper.cfbundle; includeInIndex = 0; path = ToDoTests.xctest; sourceTree = BUILT_PRODUCTS_DIR; };
		03EAA0F52982B5D400C9C0A0 /* ToDoTests.swift */ = {isa = PBXFileReference; lastKnownFileType = sourcecode.swift; path = ToDoTests.swift; sourceTree = "<group>"; };
		03EAA0FB2982B5D500C9C0A0 /* ToDoUITests.xctest */ = {isa = PBXFileReference; explicitFileType = wrapper.cfbundle; includeInIndex = 0; path = ToDoUITests.xctest; sourceTree = BUILT_PRODUCTS_DIR; };
		03EAA0FF2982B5D500C9C0A0 /* ToDoUITests.swift */ = {isa = PBXFileReference; lastKnownFileType = sourcecode.swift; path = ToDoUITests.swift; sourceTree = "<group>"; };
		03EAA1012982B5D500C9C0A0 /* ToDoUITestsLaunchTests.swift */ = {isa = PBXFileReference; lastKnownFileType = sourcecode.swift; path = ToDoUITestsLaunchTests.swift; sourceTree = "<group>"; };
		03EAA10E2982B7CF00C9C0A0 /* ToDoTable.swift */ = {isa = PBXFileReference; lastKnownFileType = sourcecode.swift; path = ToDoTable.swift; sourceTree = "<group>"; };
		03EAA1102982B83600C9C0A0 /* ToDo.swift */ = {isa = PBXFileReference; lastKnownFileType = sourcecode.swift; path = ToDo.swift; sourceTree = "<group>"; };
		03EAA1142982B89B00C9C0A0 /* AddToDO.swift */ = {isa = PBXFileReference; lastKnownFileType = sourcecode.swift; path = AddToDO.swift; sourceTree = "<group>"; };
/* End PBXFileReference section */

/* Begin PBXFrameworksBuildPhase section */
		03EAA0D52982B5D200C9C0A0 /* Frameworks */ = {
			isa = PBXFrameworksBuildPhase;
			buildActionMask = 2147483647;
			files = (
			);
			runOnlyForDeploymentPostprocessing = 0;
		};
		03EAA0EE2982B5D400C9C0A0 /* Frameworks */ = {
			isa = PBXFrameworksBuildPhase;
			buildActionMask = 2147483647;
			files = (
			);
			runOnlyForDeploymentPostprocessing = 0;
		};
		03EAA0F82982B5D500C9C0A0 /* Frameworks */ = {
			isa = PBXFrameworksBuildPhase;
			buildActionMask = 2147483647;
			files = (
			);
			runOnlyForDeploymentPostprocessing = 0;
		};
/* End PBXFrameworksBuildPhase section */

/* Begin PBXGroup section */
		03EAA0CF2982B5D200C9C0A0 = {
			isa = PBXGroup;
			children = (
				03EAA0DA2982B5D200C9C0A0 /* ToDo */,
				03EAA0F42982B5D400C9C0A0 /* ToDoTests */,
				03EAA0FE2982B5D500C9C0A0 /* ToDoUITests */,
				03EAA0D92982B5D200C9C0A0 /* Products */,
			);
			sourceTree = "<group>";
		};
		03EAA0D92982B5D200C9C0A0 /* Products */ = {
			isa = PBXGroup;
			children = (
				03EAA0D82982B5D200C9C0A0 /* ToDo.app */,
				03EAA0F12982B5D400C9C0A0 /* ToDoTests.xctest */,
				03EAA0FB2982B5D500C9C0A0 /* ToDoUITests.xctest */,
			);
			name = Products;
			sourceTree = "<group>";
		};
		03EAA0DA2982B5D200C9C0A0 /* ToDo */ = {
			isa = PBXGroup;
			children = (
				03EAA0DB2982B5D200C9C0A0 /* AppDelegate.swift */,
				03EAA0DD2982B5D200C9C0A0 /* SceneDelegate.swift */,
				03EAA0DF2982B5D200C9C0A0 /* ViewController.swift */,
				03EAA0E12982B5D200C9C0A0 /* Main.storyboard */,
				03EAA0E72982B5D400C9C0A0 /* Assets.xcassets */,
				03EAA0E92982B5D400C9C0A0 /* LaunchScreen.storyboard */,
				03EAA0EC2982B5D400C9C0A0 /* Info.plist */,
				03EAA0E42982B5D200C9C0A0 /* ToDo.xcdatamodeld */,
				03EAA10E2982B7CF00C9C0A0 /* ToDoTable.swift */,
				03EAA1102982B83600C9C0A0 /* ToDo.swift */,
				03EAA1142982B89B00C9C0A0 /* AddToDO.swift */,
			);
			path = ToDo;
			sourceTree = "<group>";
		};
		03EAA0F42982B5D400C9C0A0 /* ToDoTests */ = {
			isa = PBXGroup;
			children = (
				03EAA0F52982B5D400C9C0A0 /* ToDoTests.swift */,
			);
			path = ToDoTests;
			sourceTree = "<group>";
		};
		03EAA0FE2982B5D500C9C0A0 /* ToDoUITests */ = {
			isa = PBXGroup;
			children = (
				03EAA0FF2982B5D500C9C0A0 /* ToDoUITests.swift */,
				03EAA1012982B5D500C9C0A0 /* ToDoUITestsLaunchTests.swift */,
			);
			path = ToDoUITests;
			sourceTree = "<group>";
		};
/* End PBXGroup section */

/* Begin PBXNativeTarget section */
		03EAA0D72982B5D200C9C0A0 /* ToDo */ = {
			isa = PBXNativeTarget;
			buildConfigurationList = 03EAA1052982B5D500C9C0A0 /* Build configuration list for PBXNativeTarget "ToDo" */;
			buildPhases = (
				03EAA0D42982B5D200C9C0A0 /* Sources */,
				03EAA0D52982B5D200C9C0A0 /* Frameworks */,
				03EAA0D62982B5D200C9C0A0 /* Resources */,
			);
			buildRules = (
			);
			dependencies = (
			);
			name = ToDo;
			productName = ToDo;
			productReference = 03EAA0D82982B5D200C9C0A0 /* ToDo.app */;
			productType = "com.apple.product-type.application";
		};
		03EAA0F02982B5D400C9C0A0 /* ToDoTests */ = {
			isa = PBXNativeTarget;
			buildConfigurationList = 03EAA1082982B5D500C9C0A0 /* Build configuration list for PBXNativeTarget "ToDoTests" */;
			buildPhases = (
				03EAA0ED2982B5D400C9C0A0 /* Sources */,
				03EAA0EE2982B5D400C9C0A0 /* Frameworks */,
				03EAA0EF2982B5D400C9C0A0 /* Resources */,
			);
			buildRules = (
			);
			dependencies = (
				03EAA0F32982B5D400C9C0A0 /* PBXTargetDependency */,
			);
			name = ToDoTests;
			productName = ToDoTests;
			productReference = 03EAA0F12982B5D400C9C0A0 /* ToDoTests.xctest */;
			productType = "com.apple.product-type.bundle.unit-test";
		};
		03EAA0FA2982B5D500C9C0A0 /* ToDoUITests */ = {
			isa = PBXNativeTarget;
			buildConfigurationList = 03EAA10B2982B5D500C9C0A0 /* Build configuration list for PBXNativeTarget "ToDoUITests" */;
			buildPhases = (
				03EAA0F72982B5D500C9C0A0 /* Sources */,
				03EAA0F82982B5D500C9C0A0 /* Frameworks */,
				03EAA0F92982B5D500C9C0A0 /* Resources */,
			);
			buildRules = (
			);
			dependencies = (
				03EAA0FD2982B5D500C9C0A0 /* PBXTargetDependency */,
			);
			name = ToDoUITests;
			productName = ToDoUITests;
			productReference = 03EAA0FB2982B5D500C9C0A0 /* ToDoUITests.xctest */;
			productType = "com.apple.product-type.bundle.ui-testing";
		};
/* End PBXNativeTarget section */

/* Begin PBXProject section */
		03EAA0D02982B5D200C9C0A0 /* Project object */ = {
			isa = PBXProject;
			attributes = {
				BuildIndependentTargetsInParallel = 1;
				LastSwiftUpdateCheck = 1420;
				LastUpgradeCheck = 1420;
				TargetAttributes = {
					03EAA0D72982B5D200C9C0A0 = {
						CreatedOnToolsVersion = 14.2;
					};
					03EAA0F02982B5D400C9C0A0 = {
						CreatedOnToolsVersion = 14.2;
						TestTargetID = 03EAA0D72982B5D200C9C0A0;
					};
					03EAA0FA2982B5D500C9C0A0 = {
						CreatedOnToolsVersion = 14.2;
						TestTargetID = 03EAA0D72982B5D200C9C0A0;
					};
				};
			};
			buildConfigurationList = 03EAA0D32982B5D200C9C0A0 /* Build configuration list for PBXProject "ToDo" */;
			compatibilityVersion = "Xcode 14.0";
			developmentRegion = en;
			hasScannedForEncodings = 0;
			knownRegions = (
				en,
				Base,
			);
			mainGroup = 03EAA0CF2982B5D200C9C0A0;
			productRefGroup = 03EAA0D92982B5D200C9C0A0 /* Products */;
			projectDirPath = "";
			projectRoot = "";
			targets = (
				03EAA0D72982B5D200C9C0A0 /* ToDo */,
				03EAA0F02982B5D400C9C0A0 /* ToDoTests */,
				03EAA0FA2982B5D500C9C0A0 /* ToDoUITests */,
			);
		};
/* End PBXProject section */

/* Begin PBXResourcesBuildPhase section */
		03EAA0D62982B5D200C9C0A0 /* Resources */ = {
			isa = PBXResourcesBuildPhase;
			buildActionMask = 2147483647;
			files = (
				03EAA0EB2982B5D400C9C0A0 /* LaunchScreen.storyboard in Resources */,
				03EAA0E82982B5D400C9C0A0 /* Assets.xcassets in Resources */,
				03EAA0E32982B5D200C9C0A0 /* Main.storyboard in Resources */,
			);
			runOnlyForDeploymentPostprocessing = 0;
		};
		03EAA0EF2982B5D400C9C0A0 /* Resources */ = {
			isa = PBXResourcesBuildPhase;
			buildActionMask = 2147483647;
			files = (
			);
			runOnlyForDeploymentPostprocessing = 0;
		};
		03EAA0F92982B5D500C9C0A0 /* Resources */ = {
			isa = PBXResourcesBuildPhase;
			buildActionMask = 2147483647;
			files = (
			);
			runOnlyForDeploymentPostprocessing = 0;
		};
/* End PBXResourcesBuildPhase section */

/* Begin PBXSourcesBuildPhase section */
		03EAA0D42982B5D200C9C0A0 /* Sources */ = {
			isa = PBXSourcesBuildPhase;
			buildActionMask = 2147483647;
			files = (
				03EAA0E02982B5D200C9C0A0 /* ViewController.swift in Sources */,
				03EAA1152982B89B00C9C0A0 /* AddToDO.swift in Sources */,
				03EAA0DC2982B5D200C9C0A0 /* AppDelegate.swift in Sources */,
				03EAA0DE2982B5D200C9C0A0 /* SceneDelegate.swift in Sources */,
				03EAA1112982B83600C9C0A0 /* ToDo.swift in Sources */,
				03EAA0E62982B5D200C9C0A0 /* ToDo.xcdatamodeld in Sources */,
				03EAA10F2982B7CF00C9C0A0 /* ToDoTable.swift in Sources */,
			);
			runOnlyForDeploymentPostprocessing = 0;
		};
		03EAA0ED2982B5D400C9C0A0 /* Sources */ = {
			isa = PBXSourcesBuildPhase;
			buildActionMask = 2147483647;
			files = (
				03EAA0F62982B5D400C9C0A0 /* ToDoTests.swift in Sources */,
			);
			runOnlyForDeploymentPostprocessing = 0;
		};
		03EAA0F72982B5D500C9C0A0 /* Sources */ = {
			isa = PBXSourcesBuildPhase;
			buildActionMask = 2147483647;
			files = (
				03EAA1022982B5D500C9C0A0 /* ToDoUITestsLaunchTests.swift in Sources */,
				03EAA1002982B5D500C9C0A0 /* ToDoUITests.swift in Sources */,
			);
			runOnlyForDeploymentPostprocessing = 0;
		};
/* End PBXSourcesBuildPhase section */

/* Begin PBXTargetDependency section */
		03EAA0F32982B5D400C9C0A0 /* PBXTargetDependency */ = {
			isa = PBXTargetDependency;
			target = 03EAA0D72982B5D200C9C0A0 /* ToDo */;
			targetProxy = 03EAA0F22982B5D400C9C0A0 /* PBXContainerItemProxy */;
		};
		03EAA0FD2982B5D500C9C0A0 /* PBXTargetDependency */ = {
			isa = PBXTargetDependency;
			target = 03EAA0D72982B5D200C9C0A0 /* ToDo */;
			targetProxy = 03EAA0FC2982B5D500C9C0A0 /* PBXContainerItemProxy */;
		};
/* End PBXTargetDependency section */

/* Begin PBXVariantGroup section */
		03EAA0E12982B5D200C9C0A0 /* Main.storyboard */ = {
			isa = PBXVariantGroup;
			children = (
				03EAA0E22982B5D200C9C0A0 /* Base */,
			);
			name = Main.storyboard;
			sourceTree = "<group>";
		};
		03EAA0E92982B5D400C9C0A0 /* LaunchScreen.storyboard */ = {
			isa = PBXVariantGroup;
			children = (
				03EAA0EA2982B5D400C9C0A0 /* Base */,
			);
			name = LaunchScreen.storyboard;
			sourceTree = "<group>";
		};
/* End PBXVariantGroup section */

/* Begin XCBuildConfiguration section */
		03EAA1032982B5D500C9C0A0 /* Debug */ = {
			isa = XCBuildConfiguration;
			buildSettings = {
				ALWAYS_SEARCH_USER_PATHS = NO;
				CLANG_ANALYZER_NONNULL = YES;
				CLANG_ANALYZER_NUMBER_OBJECT_CONVERSION = YES_AGGRESSIVE;
				CLANG_CXX_LANGUAGE_STANDARD = "gnu++20";
				CLANG_ENABLE_MODULES = YES;
				CLANG_ENABLE_OBJC_ARC = YES;
				CLANG_ENABLE_OBJC_WEAK = YES;
				CLANG_WARN_BLOCK_CAPTURE_AUTORELEASING = YES;
				CLANG_WARN_BOOL_CONVERSION = YES;
				CLANG_WARN_COMMA = YES;
				CLANG_WARN_CONSTANT_CONVERSION = YES;
				CLANG_WARN_DEPRECATED_OBJC_IMPLEMENTATIONS = YES;
				CLANG_WARN_DIRECT_OBJC_ISA_USAGE = YES_ERROR;
				CLANG_WARN_DOCUMENTATION_COMMENTS = YES;
				CLANG_WARN_EMPTY_BODY = YES;
				CLANG_WARN_ENUM_CONVERSION = YES;
				CLANG_WARN_INFINITE_RECURSION = YES;
				CLANG_WARN_INT_CONVERSION = YES;
				CLANG_WARN_NON_LITERAL_NULL_CONVERSION = YES;
				CLANG_WARN_OBJC_IMPLICIT_RETAIN_SELF = YES;
				CLANG_WARN_OBJC_LITERAL_CONVERSION = YES;
				CLANG_WARN_OBJC_ROOT_CLASS = YES_ERROR;
				CLANG_WARN_QUOTED_INCLUDE_IN_FRAMEWORK_HEADER = YES;
				CLANG_WARN_RANGE_LOOP_ANALYSIS = YES;
				CLANG_WARN_STRICT_PROTOTYPES = YES;
				CLANG_WARN_SUSPICIOUS_MOVE = YES;
				CLANG_WARN_UNGUARDED_AVAILABILITY = YES_AGGRESSIVE;
				CLANG_WARN_UNREACHABLE_CODE = YES;
				CLANG_WARN__DUPLICATE_METHOD_MATCH = YES;
				COPY_PHASE_STRIP = NO;
				DEBUG_INFORMATION_FORMAT = dwarf;
				ENABLE_STRICT_OBJC_MSGSEND = YES;
				ENABLE_TESTABILITY = YES;
				GCC_C_LANGUAGE_STANDARD = gnu11;
				GCC_DYNAMIC_NO_PIC = NO;
				GCC_NO_COMMON_BLOCKS = YES;
				GCC_OPTIMIZATION_LEVEL = 0;
				GCC_PREPROCESSOR_DEFINITIONS = (
					"DEBUG=1",
					"$(inherited)",
				);
				GCC_WARN_64_TO_32_BIT_CONVERSION = YES;
				GCC_WARN_ABOUT_RETURN_TYPE = YES_ERROR;
				GCC_WARN_UNDECLARED_SELECTOR = YES;
				GCC_WARN_UNINITIALIZED_AUTOS = YES_AGGRESSIVE;
				GCC_WARN_UNUSED_FUNCTION = YES;
				GCC_WARN_UNUSED_VARIABLE = YES;
				IPHONEOS_DEPLOYMENT_TARGET = 16.2;
				MTL_ENABLE_DEBUG_INFO = INCLUDE_SOURCE;
				MTL_FAST_MATH = YES;
				ONLY_ACTIVE_ARCH = YES;
				SDKROOT = iphoneos;
				SWIFT_ACTIVE_COMPILATION_CONDITIONS = DEBUG;
				SWIFT_OPTIMIZATION_LEVEL = "-Onone";
			};
			name = Debug;
		};
		03EAA1042982B5D500C9C0A0 /* Release */ = {
			isa = XCBuildConfiguration;
			buildSettings = {
				ALWAYS_SEARCH_USER_PATHS = NO;
				CLANG_ANALYZER_NONNULL = YES;
				CLANG_ANALYZER_NUMBER_OBJECT_CONVERSION = YES_AGGRESSIVE;
				CLANG_CXX_LANGUAGE_STANDARD = "gnu++20";
				CLANG_ENABLE_MODULES = YES;
				CLANG_ENABLE_OBJC_ARC = YES;
				CLANG_ENABLE_OBJC_WEAK = YES;
				CLANG_WARN_BLOCK_CAPTURE_AUTORELEASING = YES;
				CLANG_WARN_BOOL_CONVERSION = YES;
				CLANG_WARN_COMMA = YES;
				CLANG_WARN_CONSTANT_CONVERSION = YES;
				CLANG_WARN_DEPRECATED_OBJC_IMPLEMENTATIONS = YES;
				CLANG_WARN_DIRECT_OBJC_ISA_USAGE = YES_ERROR;
				CLANG_WARN_DOCUMENTATION_COMMENTS = YES;
				CLANG_WARN_EMPTY_BODY = YES;
				CLANG_WARN_ENUM_CONVERSION = YES;
				CLANG_WARN_INFINITE_RECURSION = YES;
				CLANG_WARN_INT_CONVERSION = YES;
				CLANG_WARN_NON_LITERAL_NULL_CONVERSION = YES;
				CLANG_WARN_OBJC_IMPLICIT_RETAIN_SELF = YES;
				CLANG_WARN_OBJC_LITERAL_CONVERSION = YES;
				CLANG_WARN_OBJC_ROOT_CLASS = YES_ERROR;
				CLANG_WARN_QUOTED_INCLUDE_IN_FRAMEWORK_HEADER = YES;
				CLANG_WARN_RANGE_LOOP_ANALYSIS = YES;
				CLANG_WARN_STRICT_PROTOTYPES = YES;
				CLANG_WARN_SUSPICIOUS_MOVE = YES;
				CLANG_WARN_UNGUARDED_AVAILABILITY = YES_AGGRESSIVE;
				CLANG_WARN_UNREACHABLE_CODE = YES;
				CLANG_WARN__DUPLICATE_METHOD_MATCH = YES;
				COPY_PHASE_STRIP = NO;
				DEBUG_INFORMATION_FORMAT = "dwarf-with-dsym";
				ENABLE_NS_ASSERTIONS = NO;
				ENABLE_STRICT_OBJC_MSGSEND = YES;
				GCC_C_LANGUAGE_STANDARD = gnu11;
				GCC_NO_COMMON_BLOCKS = YES;
				GCC_WARN_64_TO_32_BIT_CONVERSION = YES;
				GCC_WARN_ABOUT_RETURN_TYPE = YES_ERROR;
				GCC_WARN_UNDECLARED_SELECTOR = YES;
				GCC_WARN_UNINITIALIZED_AUTOS = YES_AGGRESSIVE;
				GCC_WARN_UNUSED_FUNCTION = YES;
				GCC_WARN_UNUSED_VARIABLE = YES;
				IPHONEOS_DEPLOYMENT_TARGET = 16.2;
				MTL_ENABLE_DEBUG_INFO = NO;
				MTL_FAST_MATH = YES;
				SDKROOT = iphoneos;
				SWIFT_COMPILATION_MODE = wholemodule;
				SWIFT_OPTIMIZATION_LEVEL = "-O";
				VALIDATE_PRODUCT = YES;
			};
			name = Release;
		};
		03EAA1062982B5D500C9C0A0 /* Debug */ = {
			isa = XCBuildConfiguration;
			buildSettings = {
				ASSETCATALOG_COMPILER_APPICON_NAME = AppIcon;
				ASSETCATALOG_COMPILER_GLOBAL_ACCENT_COLOR_NAME = AccentColor;
				CODE_SIGN_STYLE = Automatic;
				CURRENT_PROJECT_VERSION = 1;
				GENERATE_INFOPLIST_FILE = YES;
				INFOPLIST_FILE = ToDo/Info.plist;
				INFOPLIST_KEY_UIApplicationSupportsIndirectInputEvents = YES;
				INFOPLIST_KEY_UILaunchStoryboardName = LaunchScreen;
				INFOPLIST_KEY_UIMainStoryboardFile = Main;
				INFOPLIST_KEY_UISupportedInterfaceOrientations_iPad = "UIInterfaceOrientationPortrait UIInterfaceOrientationPortraitUpsideDown UIInterfaceOrientationLandscapeLeft UIInterfaceOrientationLandscapeRight";
				INFOPLIST_KEY_UISupportedInterfaceOrientations_iPhone = "UIInterfaceOrientationPortrait UIInterfaceOrientationLandscapeLeft UIInterfaceOrientationLandscapeRight";
				LD_RUNPATH_SEARCH_PATHS = (
					"$(inherited)",
					"@executable_path/Frameworks",
				);
				MARKETING_VERSION = 1.0;
				PRODUCT_BUNDLE_IDENTIFIER = ITI.ToDo;
				PRODUCT_NAME = "$(TARGET_NAME)";
				SWIFT_EMIT_LOC_STRINGS = YES;
				SWIFT_VERSION = 5.0;
				TARGETED_DEVICE_FAMILY = "1,2";
			};
			name = Debug;
		};
		03EAA1072982B5D500C9C0A0 /* Release */ = {
			isa = XCBuildConfiguration;
			buildSettings = {
				ASSETCATALOG_COMPILER_APPICON_NAME = AppIcon;
				ASSETCATALOG_COMPILER_GLOBAL_ACCENT_COLOR_NAME = AccentColor;
				CODE_SIGN_STYLE = Automatic;
				CURRENT_PROJECT_VERSION = 1;
				GENERATE_INFOPLIST_FILE = YES;
				INFOPLIST_FILE = ToDo/Info.plist;
				INFOPLIST_KEY_UIApplicationSupportsIndirectInputEvents = YES;
				INFOPLIST_KEY_UILaunchStoryboardName = LaunchScreen;
				INFOPLIST_KEY_UIMainStoryboardFile = Main;
				INFOPLIST_KEY_UISupportedInterfaceOrientations_iPad = "UIInterfaceOrientationPortrait UIInterfaceOrientationPortraitUpsideDown UIInterfaceOrientationLandscapeLeft UIInterfaceOrientationLandscapeRight";
				INFOPLIST_KEY_UISupportedInterfaceOrientations_iPhone = "UIInterfaceOrientationPortrait UIInterfaceOrientationLandscapeLeft UIInterfaceOrientationLandscapeRight";
				LD_RUNPATH_SEARCH_PATHS = (
					"$(inherited)",
					"@executable_path/Frameworks",
				);
				MARKETING_VERSION = 1.0;
				PRODUCT_BUNDLE_IDENTIFIER = ITI.ToDo;
				PRODUCT_NAME = "$(TARGET_NAME)";
				SWIFT_EMIT_LOC_STRINGS = YES;
				SWIFT_VERSION = 5.0;
				TARGETED_DEVICE_FAMILY = "1,2";
			};
			name = Release;
		};
		03EAA1092982B5D500C9C0A0 /* Debug */ = {
			isa = XCBuildConfiguration;
			buildSettings = {
				ALWAYS_EMBED_SWIFT_STANDARD_LIBRARIES = YES;
				BUNDLE_LOADER = "$(TEST_HOST)";
				CODE_SIGN_STYLE = Automatic;
				CURRENT_PROJECT_VERSION = 1;
				GENERATE_INFOPLIST_FILE = YES;
				IPHONEOS_DEPLOYMENT_TARGET = 16.2;
				MARKETING_VERSION = 1.0;
				PRODUCT_BUNDLE_IDENTIFIER = ITI.ToDoTests;
				PRODUCT_NAME = "$(TARGET_NAME)";
				SWIFT_EMIT_LOC_STRINGS = NO;
				SWIFT_VERSION = 5.0;
				TARGETED_DEVICE_FAMILY = "1,2";
				TEST_HOST = "$(BUILT_PRODUCTS_DIR)/ToDo.app/$(BUNDLE_EXECUTABLE_FOLDER_PATH)/ToDo";
			};
			name = Debug;
		};
		03EAA10A2982B5D500C9C0A0 /* Release */ = {
			isa = XCBuildConfiguration;
			buildSettings = {
				ALWAYS_EMBED_SWIFT_STANDARD_LIBRARIES = YES;
				BUNDLE_LOADER = "$(TEST_HOST)";
				CODE_SIGN_STYLE = Automatic;
				CURRENT_PROJECT_VERSION = 1;
				GENERATE_INFOPLIST_FILE = YES;
				IPHONEOS_DEPLOYMENT_TARGET = 16.2;
				MARKETING_VERSION = 1.0;
				PRODUCT_BUNDLE_IDENTIFIER = ITI.ToDoTests;
				PRODUCT_NAME = "$(TARGET_NAME)";
				SWIFT_EMIT_LOC_STRINGS = NO;
				SWIFT_VERSION = 5.0;
				TARGETED_DEVICE_FAMILY = "1,2";
				TEST_HOST = "$(BUILT_PRODUCTS_DIR)/ToDo.app/$(BUNDLE_EXECUTABLE_FOLDER_PATH)/ToDo";
			};
			name = Release;
		};
		03EAA10C2982B5D500C9C0A0 /* Debug */ = {
			isa = XCBuildConfiguration;
			buildSettings = {
				ALWAYS_EMBED_SWIFT_STANDARD_LIBRARIES = YES;
				CODE_SIGN_STYLE = Automatic;
				CURRENT_PROJECT_VERSION = 1;
				GENERATE_INFOPLIST_FILE = YES;
				MARKETING_VERSION = 1.0;
				PRODUCT_BUNDLE_IDENTIFIER = ITI.ToDoUITests;
				PRODUCT_NAME = "$(TARGET_NAME)";
				SWIFT_EMIT_LOC_STRINGS = NO;
				SWIFT_VERSION = 5.0;
				TARGETED_DEVICE_FAMILY = "1,2";
				TEST_TARGET_NAME = ToDo;
			};
			name = Debug;
		};
		03EAA10D2982B5D500C9C0A0 /* Release */ = {
			isa = XCBuildConfiguration;
			buildSettings = {
				ALWAYS_EMBED_SWIFT_STANDARD_LIBRARIES = YES;
				CODE_SIGN_STYLE = Automatic;
				CURRENT_PROJECT_VERSION = 1;
				GENERATE_INFOPLIST_FILE = YES;
				MARKETING_VERSION = 1.0;
				PRODUCT_BUNDLE_IDENTIFIER = ITI.ToDoUITests;
				PRODUCT_NAME = "$(TARGET_NAME)";
				SWIFT_EMIT_LOC_STRINGS = NO;
				SWIFT_VERSION = 5.0;
				TARGETED_DEVICE_FAMILY = "1,2";
				TEST_TARGET_NAME = ToDo;
			};
			name = Release;
		};
/* End XCBuildConfiguration section */

/* Begin XCConfigurationList section */
		03EAA0D32982B5D200C9C0A0 /* Build configuration list for PBXProject "ToDo" */ = {
			isa = XCConfigurationList;
			buildConfigurations = (
				03EAA1032982B5D500C9C0A0 /* Debug */,
				03EAA1042982B5D500C9C0A0 /* Release */,
			);
			defaultConfigurationIsVisible = 0;
			defaultConfigurationName = Release;
		};
		03EAA1052982B5D500C9C0A0 /* Build configuration list for PBXNativeTarget "ToDo" */ = {
			isa = XCConfigurationList;
			buildConfigurations = (
				03EAA1062982B5D500C9C0A0 /* Debug */,
				03EAA1072982B5D500C9C0A0 /* Release */,
			);
			defaultConfigurationIsVisible = 0;
			defaultConfigurationName = Release;
		};
		03EAA1082982B5D500C9C0A0 /* Build configuration list for PBXNativeTarget "ToDoTests" */ = {
			isa = XCConfigurationList;
			buildConfigurations = (
				03EAA1092982B5D500C9C0A0 /* Debug */,
				03EAA10A2982B5D500C9C0A0 /* Release */,
			);
			defaultConfigurationIsVisible = 0;
			defaultConfigurationName = Release;
		};
		03EAA10B2982B5D500C9C0A0 /* Build configuration list for PBXNativeTarget "ToDoUITests" */ = {
			isa = XCConfigurationList;
			buildConfigurations = (
				03EAA10C2982B5D500C9C0A0 /* Debug */,
				03EAA10D2982B5D500C9C0A0 /* Release */,
			);
			defaultConfigurationIsVisible = 0;
			defaultConfigurationName = Release;
		};
/* End XCConfigurationList section */

/* Begin XCVersionGroup section */
		03EAA0E42982B5D200C9C0A0 /* ToDo.xcdatamodeld */ = {
			isa = XCVersionGroup;
			children = (
				03EAA0E52982B5D200C9C0A0 /* ToDo.xcdatamodel */,
			);
			currentVersion = 03EAA0E52982B5D200C9C0A0 /* ToDo.xcdatamodel */;
			path = ToDo.xcdatamodeld;
			sourceTree = "<group>";
			versionGroupType = wrapper.xcdatamodel;
		};
/* End XCVersionGroup section */
	};
	rootObject = 03EAA0D02982B5D200C9C0A0 /* Project object */;
}
